# This file was autogenerated by uv via the following command:
#    uv pip compile pyproject.toml -o uv.lock
click==8.3.1
    # via
    #   rich-click
    #   typer
iniconfig==2.3.0
    # via pytest
loguru==0.7.3
    # via
    #   rich-gradient (pyproject.toml)
    #   rich-color-ext
markdown-it-py==4.0.0
    # via rich
mdurl==0.1.2
    # via markdown-it-py
packaging==25.0
    # via pytest
pluggy==1.6.0
    # via pytest
pygments==2.19.2
    # via
    #   pytest
    #   rich
pytest==9.0.1
    # via rich-color-ext
rich==14.2.0
    # via
    #   rich-gradient (pyproject.toml)
    #   rich-click
    #   rich-color-ext
    #   typer
rich-click==1.9.4
    # via rich-gradient (pyproject.toml)
rich-color-ext==0.1.9
    # via rich-gradient (pyproject.toml)
shellingham==1.5.4
    # via typer
typer==0.20.0
    # via rich-gradient (pyproject.toml)
typing-extensions==4.15.0
    # via typer
